
Microsoft Visual Studio Solution File, Format Version 12.00
# Visual Studio Version 16
VisualStudioVersion = 16.0.31613.86
MinimumVisualStudioVersion = 10.0.40219.1
Project("{FAE04EC0-301F-11D3-BF4B-00C04F79EFBC}") = "CourseNA", "CourseNA\CourseNA.csproj", "{8918DB7D-F40E-4CD4-986D-C44F705DEB97}"
EndProject
Global
	GlobalSection(SolutionConfigurationPlatforms) = preSolution
		Debug|Any CPU = Debug|Any CPU
		Release|Any CPU = Release|Any CPU
	EndGlobalSection
	GlobalSection(ProjectConfigurationPlatforms) = postSolution
		{8918DB7D-F40E-4CD4-986D-C44F705DEB97}.Debug|Any CPU.ActiveCfg = Debug|Any CPU
		{8918DB7D-F40E-4CD4-986D-C44F705DEB97}.Debug|Any CPU.Build.0 = Debug|Any CPU
		{8918DB7D-F40E-4CD4-986D-C44F705DEB97}.Release|Any CPU.ActiveCfg = Release|Any CPU
		{8918DB7D-F40E-4CD4-986D-C44F705DEB97}.Release|Any CPU.Build.0 = Release|Any CPU
	EndGlobalSection
	GlobalSection(SolutionProperties) = preSolution
		HideSolutionNode = FALSE
	EndGlobalSection
	GlobalSection(ExtensibilityGlobals) = postSolution
		SolutionGuid = {8738B4DD-14D7-4B77-894A-290222042F25}
	EndGlobalSection
EndGlobal
